{
    "_readme": [
        "This file locks the dependencies of your project to a known state",
        "Read more about it at https://getcomposer.org/doc/01-basic-usage.md#composer-lock-the-lock-file",
        "This file is @generated automatically"
    ],
    "hash": "1cb16a43041493806150370a6796056f",
    "content-hash": "a20e9bce1d7c3c853cd84785c96dede6",
    "packages": [
        {
            "name": "fracture/http",
            "version": "0.4.2",
            "source": {
                "type": "git",
                "url": "https://github.com/fracture/http.git",
                "reference": "c9166c48355d9ba65f8b5adb397e188b726ec627"
            },
            "dist": {
                "type": "zip",
                "url": "https://api.github.com/repos/fracture/http/zipball/c9166c48355d9ba65f8b5adb397e188b726ec627",
                "reference": "c9166c48355d9ba65f8b5adb397e188b726ec627",
                "shasum": ""
            },
            "require": {
                "php": ">=5.5.0"
            },
            "require-dev": {
                "satooshi/php-coveralls": "0.7.*@dev",
                "sebastianbergmann/phpcov": "1.1.0"
            },
            "type": "library",
            "autoload": {
                "psr-4": {
                    "": "src/"
                }
            },
            "notification-url": "https://packagist.org/downloads/",
            "license": [
                "BSD"
            ],
            "authors": [
                {
                    "name": "Mārtiņš Tereško",
                    "email": "martins.teresko@gmail.com",
                    "role": "Creator / Lead Developer"
                }
            ],
            "description": "HTTP abstraction library, extracted dependency of fracture/router.",
            "homepage": "https://github.com/fracture/http",
            "time": "2016-03-10 22:04:20"
        },
        {
            "name": "fracture/routing",
            "version": "0.3.1",
            "source": {
                "type": "git",
                "url": "https://github.com/fracture/routing.git",
                "reference": "c6cb29a166bbce98f39de76477b50cc78b3dc35e"
            },
            "dist": {
                "type": "zip",
                "url": "https://api.github.com/repos/fracture/routing/zipball/c6cb29a166bbce98f39de76477b50cc78b3dc35e",
                "reference": "c6cb29a166bbce98f39de76477b50cc78b3dc35e",
                "shasum": ""
            },
            "require": {
                "fracture/http": ">=0.3.0",
                "php": ">=5.5.0"
            },
            "require-dev": {
                "satooshi/php-coveralls": "dev-master",
                "sebastianbergmann/phpcov": "1.1.0"
            },
            "type": "library",
            "autoload": {
                "psr-4": {
                    "": "src/"
                }
            },
            "notification-url": "https://packagist.org/downloads/",
            "license": [
                "BSD"
            ],
            "authors": [
                {
                    "name": "Mārtiņš Tereško",
                    "email": "martins.teresko@gmail.com",
                    "role": "Creator / Lead Developer"
                }
            ],
            "description": "Simple routing library without dispatcher",
            "homepage": "https://github.com/fracture/routing",
            "time": "2016-02-15 03:53:58"
        },
        {
            "name": "psr/log",
            "version": "1.0.2",
            "source": {
                "type": "git",
                "url": "https://github.com/php-fig/log.git",
                "reference": "4ebe3a8bf773a19edfe0a84b6585ba3d401b724d"
            },
            "dist": {
                "type": "zip",
                "url": "https://api.github.com/repos/php-fig/log/zipball/4ebe3a8bf773a19edfe0a84b6585ba3d401b724d",
                "reference": "4ebe3a8bf773a19edfe0a84b6585ba3d401b724d",
                "shasum": ""
            },
            "require": {
                "php": ">=5.3.0"
            },
            "type": "library",
            "extra": {
                "branch-alias": {
                    "dev-master": "1.0.x-dev"
                }
            },
            "autoload": {
                "psr-4": {
                    "Psr\\Log\\": "Psr/Log/"
                }
            },
            "notification-url": "https://packagist.org/downloads/",
            "license": [
                "MIT"
            ],
            "authors": [
                {
                    "name": "PHP-FIG",
                    "homepage": "http://www.php-fig.org/"
                }
            ],
            "description": "Common interface for logging libraries",
            "homepage": "https://github.com/php-fig/log",
            "keywords": [
                "log",
                "psr",
                "psr-3"
            ],
            "time": "2016-10-10 12:19:37"
        },
        {
            "name": "rdlowrey/auryn",
            "version": "v1.4.2",
            "source": {
                "type": "git",
                "url": "https://github.com/rdlowrey/auryn.git",
                "reference": "8c4dc07943599ba84f4f89eab8cf43efeef80395"
            },
            "dist": {
                "type": "zip",
                "url": "https://api.github.com/repos/rdlowrey/auryn/zipball/8c4dc07943599ba84f4f89eab8cf43efeef80395",
                "reference": "8c4dc07943599ba84f4f89eab8cf43efeef80395",
                "shasum": ""
            },
            "require": {
                "php": ">=5.3.0"
            },
            "require-dev": {
                "athletic/athletic": "~0.1",
                "fabpot/php-cs-fixer": "~1.9",
                "phpunit/phpunit": "^4.7"
            },
            "type": "library",
            "autoload": {
                "psr-4": {
                    "Auryn\\": "lib/"
                }
            },
            "notification-url": "https://packagist.org/downloads/",
            "license": [
                "MIT"
            ],
            "authors": [
                {
                    "name": "Dan Ackroyd",
                    "email": "Danack@basereality.com",
                    "homepage": "http://www.basereality.com",
                    "role": "Developer"
                },
                {
                    "name": "Levi Morrison",
                    "email": "levim@php.net",
                    "homepage": "http://morrisonlevi.github.com/",
                    "role": "Developer"
                },
                {
                    "name": "Daniel Lowrey",
                    "email": "rdlowrey@gmail.com",
                    "homepage": "https://github.com/rdlowrey",
                    "role": "Creator / Main Developer"
                }
            ],
            "description": "Auryn is a dependency injector for bootstrapping object-oriented PHP applications.",
            "homepage": "https://github.com/rdlowrey/auryn",
            "keywords": [
                "dependency injection",
                "dic",
                "ioc"
            ],
            "time": "2017-05-15 06:26:46"
        },
        {
            "name": "teresko/palladium",
            "version": "v1.3.1",
            "source": {
                "type": "git",
                "url": "https://github.com/teresko/palladium.git",
                "reference": "94b9ecb4c04dc2a4563a732314d4e53e56bd6a69"
            },
            "dist": {
                "type": "zip",
                "url": "https://api.github.com/repos/teresko/palladium/zipball/94b9ecb4c04dc2a4563a732314d4e53e56bd6a69",
                "reference": "94b9ecb4c04dc2a4563a732314d4e53e56bd6a69",
                "shasum": ""
            },
            "require": {
                "ext-pdo": "*",
                "php": ">=7.0",
                "psr/log": "1.*"
            },
            "require-dev": {
                "ext-pdo_sqlite": "*",
                "phpunit/phpunit": "^6.1"
            },
            "type": "library",
            "autoload": {
                "psr-4": {
                    "": "src/"
                }
            },
            "notification-url": "https://packagist.org/downloads/",
            "license": [
                "BSD-3-Clause"
            ],
            "authors": [
                {
                    "name": "Mārtiņš Tereško",
                    "email": "martins.teresko@gmail.com",
                    "role": "Developer"
                }
            ],
            "description": "User authentication and registration component",
            "homepage": "https://github.com/teresko/palladium",
            "keywords": [
                "Authentication",
                "account",
                "auth",
                "login",
                "registration"
            ],
            "time": "2017-07-03 19:11:35"
        }
    ],
    "packages-dev": [],
    "aliases": [],
    "minimum-stability": "stable",
    "stability-flags": [],
    "prefer-stable": false,
    "prefer-lowest": false,
    "platform": [],
    "platform-dev": []
}
